
Microsoft Visual Studio Solution File, Format Version 12.00
# Visual Studio Version 17
VisualStudioVersion = 17.7.34003.232
MinimumVisualStudioVersion = 10.0.40219.1
Project("{9A19103F-16F7-4668-BE54-9A1E7A4F7556}") = "SettingsPreference", "SettingsPreference.csproj", "{B3152BE8-66EC-4361-ADBE-A222DDC0ADB9}"
EndProject
Global
	GlobalSection(SolutionConfigurationPlatforms) = preSolution
		Debug|Any CPU = Debug|Any CPU
		Release|Any CPU = Release|Any CPU
	EndGlobalSection
	GlobalSection(ProjectConfigurationPlatforms) = postSolution
		{B3152BE8-66EC-4361-ADBE-A222DDC0ADB9}.Debug|Any CPU.ActiveCfg = Debug|Any CPU
		{B3152BE8-66EC-4361-ADBE-A222DDC0ADB9}.Debug|Any CPU.Build.0 = Debug|Any CPU
		{B3152BE8-66EC-4361-ADBE-A222DDC0ADB9}.Release|Any CPU.ActiveCfg = Release|Any CPU
		{B3152BE8-66EC-4361-ADBE-A222DDC0ADB9}.Release|Any CPU.Build.0 = Release|Any CPU
	EndGlobalSection
	GlobalSection(SolutionProperties) = preSolution
		HideSolutionNode = FALSE
	EndGlobalSection
	GlobalSection(ExtensibilityGlobals) = postSolution
		SolutionGuid = {AE2B86D4-BF27-4E21-9ED7-AF94A5F66E17}
	EndGlobalSection
EndGlobal
